
Microsoft Visual Studio Solution File, Format Version 12.00
# Visual Studio Version 17
VisualStudioVersion = 17.8.34322.80
MinimumVisualStudioVersion = 10.0.40219.1
Project("{9A19103F-16F7-4668-BE54-9A1E7A4F7556}") = "WebApp", "WebApp\WebApp.csproj", "{7A3A207C-96AE-4FBE-9B3F-AEE2747EE445}"
EndProject
Project("{9A19103F-16F7-4668-BE54-9A1E7A4F7556}") = "Datas", "Datas\Datas.csproj", "{29285274-B408-4756-8180-3941356E9361}"
EndProject
Project("{9A19103F-16F7-4668-BE54-9A1E7A4F7556}") = "Common", "Common\Common.csproj", "{151B4800-C96C-4E1A-886B-A9F52B26336E}"
EndProject
Project("{9A19103F-16F7-4668-BE54-9A1E7A4F7556}") = "Services", "Services\Services.csproj", "{F067F7AB-CEBE-4D65-AF59-E28486249AD4}"
EndProject
Global
	GlobalSection(SolutionConfigurationPlatforms) = preSolution
		Debug|Any CPU = Debug|Any CPU
		Release|Any CPU = Release|Any CPU
	EndGlobalSection
	GlobalSection(ProjectConfigurationPlatforms) = postSolution
		{7A3A207C-96AE-4FBE-9B3F-AEE2747EE445}.Debug|Any CPU.ActiveCfg = Debug|Any CPU
		{7A3A207C-96AE-4FBE-9B3F-AEE2747EE445}.Debug|Any CPU.Build.0 = Debug|Any CPU
		{7A3A207C-96AE-4FBE-9B3F-AEE2747EE445}.Release|Any CPU.ActiveCfg = Release|Any CPU
		{7A3A207C-96AE-4FBE-9B3F-AEE2747EE445}.Release|Any CPU.Build.0 = Release|Any CPU
		{29285274-B408-4756-8180-3941356E9361}.Debug|Any CPU.ActiveCfg = Debug|Any CPU
		{29285274-B408-4756-8180-3941356E9361}.Debug|Any CPU.Build.0 = Debug|Any CPU
		{29285274-B408-4756-8180-3941356E9361}.Release|Any CPU.ActiveCfg = Release|Any CPU
		{29285274-B408-4756-8180-3941356E9361}.Release|Any CPU.Build.0 = Release|Any CPU
		{151B4800-C96C-4E1A-886B-A9F52B26336E}.Debug|Any CPU.ActiveCfg = Debug|Any CPU
		{151B4800-C96C-4E1A-886B-A9F52B26336E}.Debug|Any CPU.Build.0 = Debug|Any CPU
		{151B4800-C96C-4E1A-886B-A9F52B26336E}.Release|Any CPU.ActiveCfg = Release|Any CPU
		{151B4800-C96C-4E1A-886B-A9F52B26336E}.Release|Any CPU.Build.0 = Release|Any CPU
		{F067F7AB-CEBE-4D65-AF59-E28486249AD4}.Debug|Any CPU.ActiveCfg = Debug|Any CPU
		{F067F7AB-CEBE-4D65-AF59-E28486249AD4}.Debug|Any CPU.Build.0 = Debug|Any CPU
		{F067F7AB-CEBE-4D65-AF59-E28486249AD4}.Release|Any CPU.ActiveCfg = Release|Any CPU
		{F067F7AB-CEBE-4D65-AF59-E28486249AD4}.Release|Any CPU.Build.0 = Release|Any CPU
	EndGlobalSection
	GlobalSection(SolutionProperties) = preSolution
		HideSolutionNode = FALSE
	EndGlobalSection
	GlobalSection(ExtensibilityGlobals) = postSolution
		SolutionGuid = {2E5CAB18-3874-4EAA-A3C6-7D19B6BC8B33}
	EndGlobalSection
EndGlobal
